// !$*UTF8*$!
{
	archiveVersion = 1;
	classes = {
	};
	objectVersion = 50;
	objects = {

/* Begin PBXBuildFile section */
		C1427BDD26491D2300C49C8D /* AppDelegate.swift in Sources */ = {isa = PBXBuildFile; fileRef = C1427BDC26491D2300C49C8D /* AppDelegate.swift */; };
		C1427BDF26491D2300C49C8D /* SceneDelegate.swift in Sources */ = {isa = PBXBuildFile; fileRef = C1427BDE26491D2300C49C8D /* SceneDelegate.swift */; };
		C1427BE126491D2300C49C8D /* ConversationsViewController.swift in Sources */ = {isa = PBXBuildFile; fileRef = C1427BE026491D2300C49C8D /* ConversationsViewController.swift */; };
		C1427BE426491D2300C49C8D /* Main.storyboard in Resources */ = {isa = PBXBuildFile; fileRef = C1427BE226491D2300C49C8D /* Main.storyboard */; };
		C1427BE626491D2600C49C8D /* Assets.xcassets in Resources */ = {isa = PBXBuildFile; fileRef = C1427BE526491D2600C49C8D /* Assets.xcassets */; };
		C1427BE926491D2600C49C8D /* LaunchScreen.storyboard in Resources */ = {isa = PBXBuildFile; fileRef = C1427BE726491D2600C49C8D /* LaunchScreen.storyboard */; };
		C1427BF72649255C00C49C8D /* LoginViewController.swift in Sources */ = {isa = PBXBuildFile; fileRef = C1427BF62649255C00C49C8D /* LoginViewController.swift */; };
		C1427BF92649256C00C49C8D /* RegisterViewController.swift in Sources */ = {isa = PBXBuildFile; fileRef = C1427BF82649256C00C49C8D /* RegisterViewController.swift */; };
		C1427BFB264925AA00C49C8D /* PhotoViewerViewController.swift in Sources */ = {isa = PBXBuildFile; fileRef = C1427BFA264925AA00C49C8D /* PhotoViewerViewController.swift */; };
		C1427BFD264925C000C49C8D /* VideoPlayerViewController.swift in Sources */ = {isa = PBXBuildFile; fileRef = C1427BFC264925C000C49C8D /* VideoPlayerViewController.swift */; };
		C1427BFF2649261500C49C8D /* NewConversationViewController.swift in Sources */ = {isa = PBXBuildFile; fileRef = C1427BFE2649261500C49C8D /* NewConversationViewController.swift */; };
		C1427C012649262200C49C8D /* ProfileViewController.swift in Sources */ = {isa = PBXBuildFile; fileRef = C1427C002649262200C49C8D /* ProfileViewController.swift */; };
/* End PBXBuildFile section */

/* Begin PBXFileReference section */
		C1427BD926491D2300C49C8D /* Messenger.app */ = {isa = PBXFileReference; explicitFileType = wrapper.application; includeInIndex = 0; path = Messenger.app; sourceTree = BUILT_PRODUCTS_DIR; };
		C1427BDC26491D2300C49C8D /* AppDelegate.swift */ = {isa = PBXFileReference; lastKnownFileType = sourcecode.swift; path = AppDelegate.swift; sourceTree = "<group>"; };
		C1427BDE26491D2300C49C8D /* SceneDelegate.swift */ = {isa = PBXFileReference; lastKnownFileType = sourcecode.swift; path = SceneDelegate.swift; sourceTree = "<group>"; };
		C1427BE026491D2300C49C8D /* ConversationsViewController.swift */ = {isa = PBXFileReference; lastKnownFileType = sourcecode.swift; path = ConversationsViewController.swift; sourceTree = "<group>"; };
		C1427BE326491D2300C49C8D /* Base */ = {isa = PBXFileReference; lastKnownFileType = file.storyboard; name = Base; path = Base.lproj/Main.storyboard; sourceTree = "<group>"; };
		C1427BE526491D2600C49C8D /* Assets.xcassets */ = {isa = PBXFileReference; lastKnownFileType = folder.assetcatalog; path = Assets.xcassets; sourceTree = "<group>"; };
		C1427BE826491D2600C49C8D /* Base */ = {isa = PBXFileReference; lastKnownFileType = file.storyboard; name = Base; path = Base.lproj/LaunchScreen.storyboard; sourceTree = "<group>"; };
		C1427BEA26491D2600C49C8D /* Info.plist */ = {isa = PBXFileReference; lastKnownFileType = text.plist.xml; path = Info.plist; sourceTree = "<group>"; };
		C1427BF62649255C00C49C8D /* LoginViewController.swift */ = {isa = PBXFileReference; lastKnownFileType = sourcecode.swift; path = LoginViewController.swift; sourceTree = "<group>"; };
		C1427BF82649256C00C49C8D /* RegisterViewController.swift */ = {isa = PBXFileReference; lastKnownFileType = sourcecode.swift; path = RegisterViewController.swift; sourceTree = "<group>"; };
		C1427BFA264925AA00C49C8D /* PhotoViewerViewController.swift */ = {isa = PBXFileReference; lastKnownFileType = sourcecode.swift; path = PhotoViewerViewController.swift; sourceTree = "<group>"; };
		C1427BFC264925C000C49C8D /* VideoPlayerViewController.swift */ = {isa = PBXFileReference; lastKnownFileType = sourcecode.swift; path = VideoPlayerViewController.swift; sourceTree = "<group>"; };
		C1427BFE2649261500C49C8D /* NewConversationViewController.swift */ = {isa = PBXFileReference; lastKnownFileType = sourcecode.swift; path = NewConversationViewController.swift; sourceTree = "<group>"; };
		C1427C002649262200C49C8D /* ProfileViewController.swift */ = {isa = PBXFileReference; lastKnownFileType = sourcecode.swift; path = ProfileViewController.swift; sourceTree = "<group>"; };
/* End PBXFileReference section */

/* Begin PBXFrameworksBuildPhase section */
		C1427BD626491D2300C49C8D /* Frameworks */ = {
			isa = PBXFrameworksBuildPhase;
			buildActionMask = 2147483647;
			files = (
			);
			runOnlyForDeploymentPostprocessing = 0;
		};
/* End PBXFrameworksBuildPhase section */

/* Begin PBXGroup section */
		C1427BD026491D2300C49C8D = {
			isa = PBXGroup;
			children = (
				C1427BDB26491D2300C49C8D /* Messenger */,
				C1427BDA26491D2300C49C8D /* Products */,
			);
			sourceTree = "<group>";
		};
		C1427BDA26491D2300C49C8D /* Products */ = {
			isa = PBXGroup;
			children = (
				C1427BD926491D2300C49C8D /* Messenger.app */,
			);
			name = Products;
			sourceTree = "<group>";
		};
		C1427BDB26491D2300C49C8D /* Messenger */ = {
			isa = PBXGroup;
			children = (
				C1427BF42649238900C49C8D /* Resources */,
				C1427BF32649237F00C49C8D /* ViewModels */,
				C1427BF22649237700C49C8D /* Models */,
				C1427BF12649236D00C49C8D /* Views */,
				C1427BF02649236000C49C8D /* Controllers */,
				C1427BEA26491D2600C49C8D /* Info.plist */,
			);
			path = Messenger;
			sourceTree = "<group>";
		};
		C1427BF02649236000C49C8D /* Controllers */ = {
			isa = PBXGroup;
			children = (
				C1427BE026491D2300C49C8D /* ConversationsViewController.swift */,
				C1427BF62649255C00C49C8D /* LoginViewController.swift */,
				C1427BF82649256C00C49C8D /* RegisterViewController.swift */,
				C1427BFA264925AA00C49C8D /* PhotoViewerViewController.swift */,
				C1427BFC264925C000C49C8D /* VideoPlayerViewController.swift */,
				C1427BFE2649261500C49C8D /* NewConversationViewController.swift */,
				C1427C002649262200C49C8D /* ProfileViewController.swift */,
			);
			path = Controllers;
			sourceTree = "<group>";
		};
		C1427BF12649236D00C49C8D /* Views */ = {
			isa = PBXGroup;
			children = (
				C1427BF5264923FB00C49C8D /* Storyboards */,
				C1427BE526491D2600C49C8D /* Assets.xcassets */,
			);
			path = Views;
			sourceTree = "<group>";
		};
		C1427BF22649237700C49C8D /* Models */ = {
			isa = PBXGroup;
			children = (
			);
			path = Models;
			sourceTree = "<group>";
		};
		C1427BF32649237F00C49C8D /* ViewModels */ = {
			isa = PBXGroup;
			children = (
			);
			path = ViewModels;
			sourceTree = "<group>";
		};
		C1427BF42649238900C49C8D /* Resources */ = {
			isa = PBXGroup;
			children = (
				C1427BDC26491D2300C49C8D /* AppDelegate.swift */,
				C1427BDE26491D2300C49C8D /* SceneDelegate.swift */,
			);
			path = Resources;
			sourceTree = "<group>";
		};
		C1427BF5264923FB00C49C8D /* Storyboards */ = {
			isa = PBXGroup;
			children = (
				C1427BE226491D2300C49C8D /* Main.storyboard */,
				C1427BE726491D2600C49C8D /* LaunchScreen.storyboard */,
			);
			path = Storyboards;
			sourceTree = "<group>";
		};
/* End PBXGroup section */

/* Begin PBXNativeTarget section */
		C1427BD826491D2300C49C8D /* Messenger */ = {
			isa = PBXNativeTarget;
			buildConfigurationList = C1427BED26491D2600C49C8D /* Build configuration list for PBXNativeTarget "Messenger" */;
			buildPhases = (
				C1427BD526491D2300C49C8D /* Sources */,
				C1427BD626491D2300C49C8D /* Frameworks */,
				C1427BD726491D2300C49C8D /* Resources */,
			);
			buildRules = (
			);
			dependencies = (
			);
			name = Messenger;
			productName = Messenger;
			productReference = C1427BD926491D2300C49C8D /* Messenger.app */;
			productType = "com.apple.product-type.application";
		};
/* End PBXNativeTarget section */

/* Begin PBXProject section */
		C1427BD126491D2300C49C8D /* Project object */ = {
			isa = PBXProject;
			attributes = {
				LastSwiftUpdateCheck = 1250;
				LastUpgradeCheck = 1250;
				TargetAttributes = {
					C1427BD826491D2300C49C8D = {
						CreatedOnToolsVersion = 12.5;
					};
				};
			};
			buildConfigurationList = C1427BD426491D2300C49C8D /* Build configuration list for PBXProject "Messenger" */;
			compatibilityVersion = "Xcode 9.3";
			developmentRegion = en;
			hasScannedForEncodings = 0;
			knownRegions = (
				en,
				Base,
			);
			mainGroup = C1427BD026491D2300C49C8D;
			productRefGroup = C1427BDA26491D2300C49C8D /* Products */;
			projectDirPath = "";
			projectRoot = "";
			targets = (
				C1427BD826491D2300C49C8D /* Messenger */,
			);
		};
/* End PBXProject section */

/* Begin PBXResourcesBuildPhase section */
		C1427BD726491D2300C49C8D /* Resources */ = {
			isa = PBXResourcesBuildPhase;
			buildActionMask = 2147483647;
			files = (
				C1427BE926491D2600C49C8D /* LaunchScreen.storyboard in Resources */,
				C1427BE626491D2600C49C8D /* Assets.xcassets in Resources */,
				C1427BE426491D2300C49C8D /* Main.storyboard in Resources */,
			);
			runOnlyForDeploymentPostprocessing = 0;
		};
/* End PBXResourcesBuildPhase section */

/* Begin PBXSourcesBuildPhase section */
		C1427BD526491D2300C49C8D /* Sources */ = {
			isa = PBXSourcesBuildPhase;
			buildActionMask = 2147483647;
			files = (
				C1427BF72649255C00C49C8D /* LoginViewController.swift in Sources */,
				C1427BF92649256C00C49C8D /* RegisterViewController.swift in Sources */,
				C1427BFF2649261500C49C8D /* NewConversationViewController.swift in Sources */,
				C1427BE126491D2300C49C8D /* ConversationsViewController.swift in Sources */,
				C1427BFD264925C000C49C8D /* VideoPlayerViewController.swift in Sources */,
				C1427BDD26491D2300C49C8D /* AppDelegate.swift in Sources */,
				C1427C012649262200C49C8D /* ProfileViewController.swift in Sources */,
				C1427BDF26491D2300C49C8D /* SceneDelegate.swift in Sources */,
				C1427BFB264925AA00C49C8D /* PhotoViewerViewController.swift in Sources */,
			);
			runOnlyForDeploymentPostprocessing = 0;
		};
/* End PBXSourcesBuildPhase section */

/* Begin PBXVariantGroup section */
		C1427BE226491D2300C49C8D /* Main.storyboard */ = {
			isa = PBXVariantGroup;
			children = (
				C1427BE326491D2300C49C8D /* Base */,
			);
			name = Main.storyboard;
			sourceTree = "<group>";
		};
		C1427BE726491D2600C49C8D /* LaunchScreen.storyboard */ = {
			isa = PBXVariantGroup;
			children = (
				C1427BE826491D2600C49C8D /* Base */,
			);
			name = LaunchScreen.storyboard;
			sourceTree = "<group>";
		};
/* End PBXVariantGroup section */

/* Begin XCBuildConfiguration section */
		C1427BEB26491D2600C49C8D /* Debug */ = {
			isa = XCBuildConfiguration;
			buildSettings = {
				ALWAYS_SEARCH_USER_PATHS = NO;
				CLANG_ANALYZER_NONNULL = YES;
				CLANG_ANALYZER_NUMBER_OBJECT_CONVERSION = YES_AGGRESSIVE;
				CLANG_CXX_LANGUAGE_STANDARD = "gnu++14";
				CLANG_CXX_LIBRARY = "libc++";
				CLANG_ENABLE_MODULES = YES;
				CLANG_ENABLE_OBJC_ARC = YES;
				CLANG_ENABLE_OBJC_WEAK = YES;
				CLANG_WARN_BLOCK_CAPTURE_AUTORELEASING = YES;
				CLANG_WARN_BOOL_CONVERSION = YES;
				CLANG_WARN_COMMA = YES;
				CLANG_WARN_CONSTANT_CONVERSION = YES;
				CLANG_WARN_DEPRECATED_OBJC_IMPLEMENTATIONS = YES;
				CLANG_WARN_DIRECT_OBJC_ISA_USAGE = YES_ERROR;
				CLANG_WARN_DOCUMENTATION_COMMENTS = YES;
				CLANG_WARN_EMPTY_BODY = YES;
				CLANG_WARN_ENUM_CONVERSION = YES;
				CLANG_WARN_INFINITE_RECURSION = YES;
				CLANG_WARN_INT_CONVERSION = YES;
				CLANG_WARN_NON_LITERAL_NULL_CONVERSION = YES;
				CLANG_WARN_OBJC_IMPLICIT_RETAIN_SELF = YES;
				CLANG_WARN_OBJC_LITERAL_CONVERSION = YES;
				CLANG_WARN_OBJC_ROOT_CLASS = YES_ERROR;
				CLANG_WARN_QUOTED_INCLUDE_IN_FRAMEWORK_HEADER = YES;
				CLANG_WARN_RANGE_LOOP_ANALYSIS = YES;
				CLANG_WARN_STRICT_PROTOTYPES = YES;
				CLANG_WARN_SUSPICIOUS_MOVE = YES;
				CLANG_WARN_UNGUARDED_AVAILABILITY = YES_AGGRESSIVE;
				CLANG_WARN_UNREACHABLE_CODE = YES;
				CLANG_WARN__DUPLICATE_METHOD_MATCH = YES;
				COPY_PHASE_STRIP = NO;
				DEBUG_INFORMATION_FORMAT = dwarf;
				ENABLE_STRICT_OBJC_MSGSEND = YES;
				ENABLE_TESTABILITY = YES;
				GCC_C_LANGUAGE_STANDARD = gnu11;
				GCC_DYNAMIC_NO_PIC = NO;
				GCC_NO_COMMON_BLOCKS = YES;
				GCC_OPTIMIZATION_LEVEL = 0;
				GCC_PREPROCESSOR_DEFINITIONS = (
					"DEBUG=1",
					"$(inherited)",
				);
				GCC_WARN_64_TO_32_BIT_CONVERSION = YES;
				GCC_WARN_ABOUT_RETURN_TYPE = YES_ERROR;
				GCC_WARN_UNDECLARED_SELECTOR = YES;
				GCC_WARN_UNINITIALIZED_AUTOS = YES_AGGRESSIVE;
				GCC_WARN_UNUSED_FUNCTION = YES;
				GCC_WARN_UNUSED_VARIABLE = YES;
				IPHONEOS_DEPLOYMENT_TARGET = 14.5;
				MTL_ENABLE_DEBUG_INFO = INCLUDE_SOURCE;
				MTL_FAST_MATH = YES;
				ONLY_ACTIVE_ARCH = YES;
				SDKROOT = iphoneos;
				SWIFT_ACTIVE_COMPILATION_CONDITIONS = DEBUG;
				SWIFT_OPTIMIZATION_LEVEL = "-Onone";
			};
			name = Debug;
		};
		C1427BEC26491D2600C49C8D /* Release */ = {
			isa = XCBuildConfiguration;
			buildSettings = {
				ALWAYS_SEARCH_USER_PATHS = NO;
				CLANG_ANALYZER_NONNULL = YES;
				CLANG_ANALYZER_NUMBER_OBJECT_CONVERSION = YES_AGGRESSIVE;
				CLANG_CXX_LANGUAGE_STANDARD = "gnu++14";
				CLANG_CXX_LIBRARY = "libc++";
				CLANG_ENABLE_MODULES = YES;
				CLANG_ENABLE_OBJC_ARC = YES;
				CLANG_ENABLE_OBJC_WEAK = YES;
				CLANG_WARN_BLOCK_CAPTURE_AUTORELEASING = YES;
				CLANG_WARN_BOOL_CONVERSION = YES;
				CLANG_WARN_COMMA = YES;
				CLANG_WARN_CONSTANT_CONVERSION = YES;
				CLANG_WARN_DEPRECATED_OBJC_IMPLEMENTATIONS = YES;
				CLANG_WARN_DIRECT_OBJC_ISA_USAGE = YES_ERROR;
				CLANG_WARN_DOCUMENTATION_COMMENTS = YES;
				CLANG_WARN_EMPTY_BODY = YES;
				CLANG_WARN_ENUM_CONVERSION = YES;
				CLANG_WARN_INFINITE_RECURSION = YES;
				CLANG_WARN_INT_CONVERSION = YES;
				CLANG_WARN_NON_LITERAL_NULL_CONVERSION = YES;
				CLANG_WARN_OBJC_IMPLICIT_RETAIN_SELF = YES;
				CLANG_WARN_OBJC_LITERAL_CONVERSION = YES;
				CLANG_WARN_OBJC_ROOT_CLASS = YES_ERROR;
				CLANG_WARN_QUOTED_INCLUDE_IN_FRAMEWORK_HEADER = YES;
				CLANG_WARN_RANGE_LOOP_ANALYSIS = YES;
				CLANG_WARN_STRICT_PROTOTYPES = YES;
				CLANG_WARN_SUSPICIOUS_MOVE = YES;
				CLANG_WARN_UNGUARDED_AVAILABILITY = YES_AGGRESSIVE;
				CLANG_WARN_UNREACHABLE_CODE = YES;
				CLANG_WARN__DUPLICATE_METHOD_MATCH = YES;
				COPY_PHASE_STRIP = NO;
				DEBUG_INFORMATION_FORMAT = "dwarf-with-dsym";
				ENABLE_NS_ASSERTIONS = NO;
				ENABLE_STRICT_OBJC_MSGSEND = YES;
				GCC_C_LANGUAGE_STANDARD = gnu11;
				GCC_NO_COMMON_BLOCKS = YES;
				GCC_WARN_64_TO_32_BIT_CONVERSION = YES;
				GCC_WARN_ABOUT_RETURN_TYPE = YES_ERROR;
				GCC_WARN_UNDECLARED_SELECTOR = YES;
				GCC_WARN_UNINITIALIZED_AUTOS = YES_AGGRESSIVE;
				GCC_WARN_UNUSED_FUNCTION = YES;
				GCC_WARN_UNUSED_VARIABLE = YES;
				IPHONEOS_DEPLOYMENT_TARGET = 14.5;
				MTL_ENABLE_DEBUG_INFO = NO;
				MTL_FAST_MATH = YES;
				SDKROOT = iphoneos;
				SWIFT_COMPILATION_MODE = wholemodule;
				SWIFT_OPTIMIZATION_LEVEL = "-O";
				VALIDATE_PRODUCT = YES;
			};
			name = Release;
		};
		C1427BEE26491D2600C49C8D /* Debug */ = {
			isa = XCBuildConfiguration;
			buildSettings = {
				ASSETCATALOG_COMPILER_APPICON_NAME = AppIcon;
				ASSETCATALOG_COMPILER_GLOBAL_ACCENT_COLOR_NAME = AccentColor;
				CODE_SIGN_STYLE = Automatic;
				DEVELOPMENT_TEAM = DS3Z54QGNB;
				INFOPLIST_FILE = Messenger/Info.plist;
				LD_RUNPATH_SEARCH_PATHS = (
					"$(inherited)",
					"@executable_path/Frameworks",
				);
				PRODUCT_BUNDLE_IDENTIFIER = com.julia117.Messenger;
				PRODUCT_NAME = "$(TARGET_NAME)";
				SWIFT_VERSION = 5.0;
				TARGETED_DEVICE_FAMILY = "1,2";
			};
			name = Debug;
		};
		C1427BEF26491D2600C49C8D /* Release */ = {
			isa = XCBuildConfiguration;
			buildSettings = {
				ASSETCATALOG_COMPILER_APPICON_NAME = AppIcon;
				ASSETCATALOG_COMPILER_GLOBAL_ACCENT_COLOR_NAME = AccentColor;
				CODE_SIGN_STYLE = Automatic;
				DEVELOPMENT_TEAM = DS3Z54QGNB;
				INFOPLIST_FILE = Messenger/Info.plist;
				LD_RUNPATH_SEARCH_PATHS = (
					"$(inherited)",
					"@executable_path/Frameworks",
				);
				PRODUCT_BUNDLE_IDENTIFIER = com.julia117.Messenger;
				PRODUCT_NAME = "$(TARGET_NAME)";
				SWIFT_VERSION = 5.0;
				TARGETED_DEVICE_FAMILY = "1,2";
			};
			name = Release;
		};
/* End XCBuildConfiguration section */

/* Begin XCConfigurationList section */
		C1427BD426491D2300C49C8D /* Build configuration list for PBXProject "Messenger" */ = {
			isa = XCConfigurationList;
			buildConfigurations = (
				C1427BEB26491D2600C49C8D /* Debug */,
				C1427BEC26491D2600C49C8D /* Release */,
			);
			defaultConfigurationIsVisible = 0;
			defaultConfigurationName = Release;
		};
		C1427BED26491D2600C49C8D /* Build configuration list for PBXNativeTarget "Messenger" */ = {
			isa = XCConfigurationList;
			buildConfigurations = (
				C1427BEE26491D2600C49C8D /* Debug */,
				C1427BEF26491D2600C49C8D /* Release */,
			);
			defaultConfigurationIsVisible = 0;
			defaultConfigurationName = Release;
		};
/* End XCConfigurationList section */
	};
	rootObject = C1427BD126491D2300C49C8D /* Project object */;
}
